// !$*UTF8*$!
{
	archiveVersion = 1;
	classes = {
	};
	objectVersion = 56;
	objects = {

/* Begin PBXBuildFile section */
		4551822C2D8D14B300B78C28 /* DemoStockAppApp.swift in Sources */ = {isa = PBXBuildFile; fileRef = 4551822B2D8D14B300B78C28 /* DemoStockAppApp.swift */; };
		4551822E2D8D14B300B78C28 /* ContentView.swift in Sources */ = {isa = PBXBuildFile; fileRef = 4551822D2D8D14B300B78C28 /* ContentView.swift */; };
		455182302D8D14B500B78C28 /* Assets.xcassets in Resources */ = {isa = PBXBuildFile; fileRef = 4551822F2D8D14B500B78C28 /* Assets.xcassets */; };
		455182332D8D14B500B78C28 /* Preview Assets.xcassets in Resources */ = {isa = PBXBuildFile; fileRef = 455182322D8D14B500B78C28 /* Preview Assets.xcassets */; };
		4551823B2D8D17BD00B78C28 /* StockListViewModel.swift in Sources */ = {isa = PBXBuildFile; fileRef = 4551823A2D8D17BD00B78C28 /* StockListViewModel.swift */; };
		4551823D2D8D180100B78C28 /* StockListView.swift in Sources */ = {isa = PBXBuildFile; fileRef = 4551823C2D8D180100B78C28 /* StockListView.swift */; };
		4551823F2D8D183000B78C28 /* StockListModel.swift in Sources */ = {isa = PBXBuildFile; fileRef = 4551823E2D8D183000B78C28 /* StockListModel.swift */; };
		45CB4E332D8D337500E9B2D9 /* StockDetailsView.swift in Sources */ = {isa = PBXBuildFile; fileRef = 45CB4E322D8D337500E9B2D9 /* StockDetailsView.swift */; };
		45CB4E362D8D4BE600E9B2D9 /* DoubleToIntFormatter.swift in Sources */ = {isa = PBXBuildFile; fileRef = 45CB4E352D8D4BE600E9B2D9 /* DoubleToIntFormatter.swift */; };
		45CB4E382D8D4BFD00E9B2D9 /* CustomFormatStyle.swift in Sources */ = {isa = PBXBuildFile; fileRef = 45CB4E372D8D4BFD00E9B2D9 /* CustomFormatStyle.swift */; };
/* End PBXBuildFile section */

/* Begin PBXFileReference section */
		455182282D8D14B300B78C28 /* DemoStockApp.app */ = {isa = PBXFileReference; explicitFileType = wrapper.application; includeInIndex = 0; path = DemoStockApp.app; sourceTree = BUILT_PRODUCTS_DIR; };
		4551822B2D8D14B300B78C28 /* DemoStockAppApp.swift */ = {isa = PBXFileReference; lastKnownFileType = sourcecode.swift; path = DemoStockAppApp.swift; sourceTree = "<group>"; };
		4551822D2D8D14B300B78C28 /* ContentView.swift */ = {isa = PBXFileReference; lastKnownFileType = sourcecode.swift; path = ContentView.swift; sourceTree = "<group>"; };
		4551822F2D8D14B500B78C28 /* Assets.xcassets */ = {isa = PBXFileReference; lastKnownFileType = folder.assetcatalog; path = Assets.xcassets; sourceTree = "<group>"; };
		455182322D8D14B500B78C28 /* Preview Assets.xcassets */ = {isa = PBXFileReference; lastKnownFileType = folder.assetcatalog; path = "Preview Assets.xcassets"; sourceTree = "<group>"; };
		4551823A2D8D17BD00B78C28 /* StockListViewModel.swift */ = {isa = PBXFileReference; lastKnownFileType = sourcecode.swift; path = StockListViewModel.swift; sourceTree = "<group>"; };
		4551823C2D8D180100B78C28 /* StockListView.swift */ = {isa = PBXFileReference; lastKnownFileType = sourcecode.swift; path = StockListView.swift; sourceTree = "<group>"; };
		4551823E2D8D183000B78C28 /* StockListModel.swift */ = {isa = PBXFileReference; lastKnownFileType = sourcecode.swift; path = StockListModel.swift; sourceTree = "<group>"; };
		45CB4E322D8D337500E9B2D9 /* StockDetailsView.swift */ = {isa = PBXFileReference; lastKnownFileType = sourcecode.swift; path = StockDetailsView.swift; sourceTree = "<group>"; };
		45CB4E352D8D4BE600E9B2D9 /* DoubleToIntFormatter.swift */ = {isa = PBXFileReference; lastKnownFileType = sourcecode.swift; path = DoubleToIntFormatter.swift; sourceTree = "<group>"; };
		45CB4E372D8D4BFD00E9B2D9 /* CustomFormatStyle.swift */ = {isa = PBXFileReference; lastKnownFileType = sourcecode.swift; path = CustomFormatStyle.swift; sourceTree = "<group>"; };
/* End PBXFileReference section */

/* Begin PBXFrameworksBuildPhase section */
		455182252D8D14B300B78C28 /* Frameworks */ = {
			isa = PBXFrameworksBuildPhase;
			buildActionMask = 2147483647;
			files = (
			);
			runOnlyForDeploymentPostprocessing = 0;
		};
/* End PBXFrameworksBuildPhase section */

/* Begin PBXGroup section */
		4551821F2D8D14B300B78C28 = {
			isa = PBXGroup;
			children = (
				4551822A2D8D14B300B78C28 /* DemoStockApp */,
				455182292D8D14B300B78C28 /* Products */,
			);
			sourceTree = "<group>";
		};
		455182292D8D14B300B78C28 /* Products */ = {
			isa = PBXGroup;
			children = (
				455182282D8D14B300B78C28 /* DemoStockApp.app */,
			);
			name = Products;
			sourceTree = "<group>";
		};
		4551822A2D8D14B300B78C28 /* DemoStockApp */ = {
			isa = PBXGroup;
			children = (
				45CB4E342D8D4BD400E9B2D9 /* Utilities */,
				45CB4E312D8D319A00E9B2D9 /* Stock Details */,
				455182392D8D17AB00B78C28 /* Stock List */,
				4551822B2D8D14B300B78C28 /* DemoStockAppApp.swift */,
				4551822D2D8D14B300B78C28 /* ContentView.swift */,
				4551822F2D8D14B500B78C28 /* Assets.xcassets */,
				455182312D8D14B500B78C28 /* Preview Content */,
			);
			path = DemoStockApp;
			sourceTree = "<group>";
		};
		455182312D8D14B500B78C28 /* Preview Content */ = {
			isa = PBXGroup;
			children = (
				455182322D8D14B500B78C28 /* Preview Assets.xcassets */,
			);
			path = "Preview Content";
			sourceTree = "<group>";
		};
		455182392D8D17AB00B78C28 /* Stock List */ = {
			isa = PBXGroup;
			children = (
				4551823A2D8D17BD00B78C28 /* StockListViewModel.swift */,
				4551823C2D8D180100B78C28 /* StockListView.swift */,
				4551823E2D8D183000B78C28 /* StockListModel.swift */,
			);
			path = "Stock List";
			sourceTree = "<group>";
		};
		45CB4E312D8D319A00E9B2D9 /* Stock Details */ = {
			isa = PBXGroup;
			children = (
				45CB4E322D8D337500E9B2D9 /* StockDetailsView.swift */,
			);
			path = "Stock Details";
			sourceTree = "<group>";
		};
		45CB4E342D8D4BD400E9B2D9 /* Utilities */ = {
			isa = PBXGroup;
			children = (
				45CB4E352D8D4BE600E9B2D9 /* DoubleToIntFormatter.swift */,
				45CB4E372D8D4BFD00E9B2D9 /* CustomFormatStyle.swift */,
			);
			path = Utilities;
			sourceTree = "<group>";
		};
/* End PBXGroup section */

/* Begin PBXNativeTarget section */
		455182272D8D14B300B78C28 /* DemoStockApp */ = {
			isa = PBXNativeTarget;
			buildConfigurationList = 455182362D8D14B500B78C28 /* Build configuration list for PBXNativeTarget "DemoStockApp" */;
			buildPhases = (
				455182242D8D14B300B78C28 /* Sources */,
				455182252D8D14B300B78C28 /* Frameworks */,
				455182262D8D14B300B78C28 /* Resources */,
			);
			buildRules = (
			);
			dependencies = (
			);
			name = DemoStockApp;
			productName = DemoStockApp;
			productReference = 455182282D8D14B300B78C28 /* DemoStockApp.app */;
			productType = "com.apple.product-type.application";
		};
/* End PBXNativeTarget section */

/* Begin PBXProject section */
		455182202D8D14B300B78C28 /* Project object */ = {
			isa = PBXProject;
			attributes = {
				BuildIndependentTargetsInParallel = 1;
				LastSwiftUpdateCheck = 1530;
				LastUpgradeCheck = 1530;
				TargetAttributes = {
					455182272D8D14B300B78C28 = {
						CreatedOnToolsVersion = 15.3;
					};
				};
			};
			buildConfigurationList = 455182232D8D14B300B78C28 /* Build configuration list for PBXProject "DemoStockApp" */;
			compatibilityVersion = "Xcode 14.0";
			developmentRegion = en;
			hasScannedForEncodings = 0;
			knownRegions = (
				en,
				Base,
			);
			mainGroup = 4551821F2D8D14B300B78C28;
			productRefGroup = 455182292D8D14B300B78C28 /* Products */;
			projectDirPath = "";
			projectRoot = "";
			targets = (
				455182272D8D14B300B78C28 /* DemoStockApp */,
			);
		};
/* End PBXProject section */

/* Begin PBXResourcesBuildPhase section */
		455182262D8D14B300B78C28 /* Resources */ = {
			isa = PBXResourcesBuildPhase;
			buildActionMask = 2147483647;
			files = (
				455182332D8D14B500B78C28 /* Preview Assets.xcassets in Resources */,
				455182302D8D14B500B78C28 /* Assets.xcassets in Resources */,
			);
			runOnlyForDeploymentPostprocessing = 0;
		};
/* End PBXResourcesBuildPhase section */

/* Begin PBXSourcesBuildPhase section */
		455182242D8D14B300B78C28 /* Sources */ = {
			isa = PBXSourcesBuildPhase;
			buildActionMask = 2147483647;
			files = (
				45CB4E362D8D4BE600E9B2D9 /* DoubleToIntFormatter.swift in Sources */,
				4551823F2D8D183000B78C28 /* StockListModel.swift in Sources */,
				4551822E2D8D14B300B78C28 /* ContentView.swift in Sources */,
				45CB4E332D8D337500E9B2D9 /* StockDetailsView.swift in Sources */,
				4551823D2D8D180100B78C28 /* StockListView.swift in Sources */,
				4551823B2D8D17BD00B78C28 /* StockListViewModel.swift in Sources */,
				4551822C2D8D14B300B78C28 /* DemoStockAppApp.swift in Sources */,
				45CB4E382D8D4BFD00E9B2D9 /* CustomFormatStyle.swift in Sources */,
			);
			runOnlyForDeploymentPostprocessing = 0;
		};
/* End PBXSourcesBuildPhase section */

/* Begin XCBuildConfiguration section */
		455182342D8D14B500B78C28 /* Debug */ = {
			isa = XCBuildConfiguration;
			buildSettings = {
				ALWAYS_SEARCH_USER_PATHS = NO;
				ASSETCATALOG_COMPILER_GENERATE_SWIFT_ASSET_SYMBOL_EXTENSIONS = YES;
				CLANG_ANALYZER_NONNULL = YES;
				CLANG_ANALYZER_NUMBER_OBJECT_CONVERSION = YES_AGGRESSIVE;
				CLANG_CXX_LANGUAGE_STANDARD = "gnu++20";
				CLANG_ENABLE_MODULES = YES;
				CLANG_ENABLE_OBJC_ARC = YES;
				CLANG_ENABLE_OBJC_WEAK = YES;
				CLANG_WARN_BLOCK_CAPTURE_AUTORELEASING = YES;
				CLANG_WARN_BOOL_CONVERSION = YES;
				CLANG_WARN_COMMA = YES;
				CLANG_WARN_CONSTANT_CONVERSION = YES;
				CLANG_WARN_DEPRECATED_OBJC_IMPLEMENTATIONS = YES;
				CLANG_WARN_DIRECT_OBJC_ISA_USAGE = YES_ERROR;
				CLANG_WARN_DOCUMENTATION_COMMENTS = YES;
				CLANG_WARN_EMPTY_BODY = YES;
				CLANG_WARN_ENUM_CONVERSION = YES;
				CLANG_WARN_INFINITE_RECURSION = YES;
				CLANG_WARN_INT_CONVERSION = YES;
				CLANG_WARN_NON_LITERAL_NULL_CONVERSION = YES;
				CLANG_WARN_OBJC_IMPLICIT_RETAIN_SELF = YES;
				CLANG_WARN_OBJC_LITERAL_CONVERSION = YES;
				CLANG_WARN_OBJC_ROOT_CLASS = YES_ERROR;
				CLANG_WARN_QUOTED_INCLUDE_IN_FRAMEWORK_HEADER = YES;
				CLANG_WARN_RANGE_LOOP_ANALYSIS = YES;
				CLANG_WARN_STRICT_PROTOTYPES = YES;
				CLANG_WARN_SUSPICIOUS_MOVE = YES;
				CLANG_WARN_UNGUARDED_AVAILABILITY = YES_AGGRESSIVE;
				CLANG_WARN_UNREACHABLE_CODE = YES;
				CLANG_WARN__DUPLICATE_METHOD_MATCH = YES;
				COPY_PHASE_STRIP = NO;
				DEBUG_INFORMATION_FORMAT = dwarf;
				ENABLE_STRICT_OBJC_MSGSEND = YES;
				ENABLE_TESTABILITY = YES;
				ENABLE_USER_SCRIPT_SANDBOXING = YES;
				GCC_C_LANGUAGE_STANDARD = gnu17;
				GCC_DYNAMIC_NO_PIC = NO;
				GCC_NO_COMMON_BLOCKS = YES;
				GCC_OPTIMIZATION_LEVEL = 0;
				GCC_PREPROCESSOR_DEFINITIONS = (
					"DEBUG=1",
					"$(inherited)",
				);
				GCC_WARN_64_TO_32_BIT_CONVERSION = YES;
				GCC_WARN_ABOUT_RETURN_TYPE = YES_ERROR;
				GCC_WARN_UNDECLARED_SELECTOR = YES;
				GCC_WARN_UNINITIALIZED_AUTOS = YES_AGGRESSIVE;
				GCC_WARN_UNUSED_FUNCTION = YES;
				GCC_WARN_UNUSED_VARIABLE = YES;
				IPHONEOS_DEPLOYMENT_TARGET = 17.4;
				LOCALIZATION_PREFERS_STRING_CATALOGS = YES;
				MTL_ENABLE_DEBUG_INFO = INCLUDE_SOURCE;
				MTL_FAST_MATH = YES;
				ONLY_ACTIVE_ARCH = YES;
				SDKROOT = iphoneos;
				SWIFT_ACTIVE_COMPILATION_CONDITIONS = "DEBUG $(inherited)";
				SWIFT_OPTIMIZATION_LEVEL = "-Onone";
			};
			name = Debug;
		};
		455182352D8D14B500B78C28 /* Release */ = {
			isa = XCBuildConfiguration;
			buildSettings = {
				ALWAYS_SEARCH_USER_PATHS = NO;
				ASSETCATALOG_COMPILER_GENERATE_SWIFT_ASSET_SYMBOL_EXTENSIONS = YES;
				CLANG_ANALYZER_NONNULL = YES;
				CLANG_ANALYZER_NUMBER_OBJECT_CONVERSION = YES_AGGRESSIVE;
				CLANG_CXX_LANGUAGE_STANDARD = "gnu++20";
				CLANG_ENABLE_MODULES = YES;
				CLANG_ENABLE_OBJC_ARC = YES;
				CLANG_ENABLE_OBJC_WEAK = YES;
				CLANG_WARN_BLOCK_CAPTURE_AUTORELEASING = YES;
				CLANG_WARN_BOOL_CONVERSION = YES;
				CLANG_WARN_COMMA = YES;
				CLANG_WARN_CONSTANT_CONVERSION = YES;
				CLANG_WARN_DEPRECATED_OBJC_IMPLEMENTATIONS = YES;
				CLANG_WARN_DIRECT_OBJC_ISA_USAGE = YES_ERROR;
				CLANG_WARN_DOCUMENTATION_COMMENTS = YES;
				CLANG_WARN_EMPTY_BODY = YES;
				CLANG_WARN_ENUM_CONVERSION = YES;
				CLANG_WARN_INFINITE_RECURSION = YES;
				CLANG_WARN_INT_CONVERSION = YES;
				CLANG_WARN_NON_LITERAL_NULL_CONVERSION = YES;
				CLANG_WARN_OBJC_IMPLICIT_RETAIN_SELF = YES;
				CLANG_WARN_OBJC_LITERAL_CONVERSION = YES;
				CLANG_WARN_OBJC_ROOT_CLASS = YES_ERROR;
				CLANG_WARN_QUOTED_INCLUDE_IN_FRAMEWORK_HEADER = YES;
				CLANG_WARN_RANGE_LOOP_ANALYSIS = YES;
				CLANG_WARN_STRICT_PROTOTYPES = YES;
				CLANG_WARN_SUSPICIOUS_MOVE = YES;
				CLANG_WARN_UNGUARDED_AVAILABILITY = YES_AGGRESSIVE;
				CLANG_WARN_UNREACHABLE_CODE = YES;
				CLANG_WARN__DUPLICATE_METHOD_MATCH = YES;
				COPY_PHASE_STRIP = NO;
				DEBUG_INFORMATION_FORMAT = "dwarf-with-dsym";
				ENABLE_NS_ASSERTIONS = NO;
				ENABLE_STRICT_OBJC_MSGSEND = YES;
				ENABLE_USER_SCRIPT_SANDBOXING = YES;
				GCC_C_LANGUAGE_STANDARD = gnu17;
				GCC_NO_COMMON_BLOCKS = YES;
				GCC_WARN_64_TO_32_BIT_CONVERSION = YES;
				GCC_WARN_ABOUT_RETURN_TYPE = YES_ERROR;
				GCC_WARN_UNDECLARED_SELECTOR = YES;
				GCC_WARN_UNINITIALIZED_AUTOS = YES_AGGRESSIVE;
				GCC_WARN_UNUSED_FUNCTION = YES;
				GCC_WARN_UNUSED_VARIABLE = YES;
				IPHONEOS_DEPLOYMENT_TARGET = 17.4;
				LOCALIZATION_PREFERS_STRING_CATALOGS = YES;
				MTL_ENABLE_DEBUG_INFO = NO;
				MTL_FAST_MATH = YES;
				SDKROOT = iphoneos;
				SWIFT_COMPILATION_MODE = wholemodule;
				VALIDATE_PRODUCT = YES;
			};
			name = Release;
		};
		455182372D8D14B500B78C28 /* Debug */ = {
			isa = XCBuildConfiguration;
			buildSettings = {
				ASSETCATALOG_COMPILER_APPICON_NAME = AppIcon;
				ASSETCATALOG_COMPILER_GLOBAL_ACCENT_COLOR_NAME = AccentColor;
				CODE_SIGN_STYLE = Automatic;
				CURRENT_PROJECT_VERSION = 1;
				DEVELOPMENT_ASSET_PATHS = "\"DemoStockApp/Preview Content\"";
				ENABLE_PREVIEWS = YES;
				GENERATE_INFOPLIST_FILE = YES;
				INFOPLIST_KEY_UIApplicationSceneManifest_Generation = YES;
				INFOPLIST_KEY_UIApplicationSupportsIndirectInputEvents = YES;
				INFOPLIST_KEY_UILaunchScreen_Generation = YES;
				INFOPLIST_KEY_UISupportedInterfaceOrientations_iPad = "UIInterfaceOrientationPortrait UIInterfaceOrientationPortraitUpsideDown UIInterfaceOrientationLandscapeLeft UIInterfaceOrientationLandscapeRight";
				INFOPLIST_KEY_UISupportedInterfaceOrientations_iPhone = "UIInterfaceOrientationPortrait UIInterfaceOrientationLandscapeLeft UIInterfaceOrientationLandscapeRight";
				LD_RUNPATH_SEARCH_PATHS = (
					"$(inherited)",
					"@executable_path/Frameworks",
				);
				MARKETING_VERSION = 1.0;
				PRODUCT_BUNDLE_IDENTIFIER = com.demoapp.app.DemoStockApp;
				PRODUCT_NAME = "$(TARGET_NAME)";
				SWIFT_EMIT_LOC_STRINGS = YES;
				SWIFT_VERSION = 5.0;
				TARGETED_DEVICE_FAMILY = "1,2";
			};
			name = Debug;
		};
		455182382D8D14B500B78C28 /* Release */ = {
			isa = XCBuildConfiguration;
			buildSettings = {
				ASSETCATALOG_COMPILER_APPICON_NAME = AppIcon;
				ASSETCATALOG_COMPILER_GLOBAL_ACCENT_COLOR_NAME = AccentColor;
				CODE_SIGN_STYLE = Automatic;
				CURRENT_PROJECT_VERSION = 1;
				DEVELOPMENT_ASSET_PATHS = "\"DemoStockApp/Preview Content\"";
				ENABLE_PREVIEWS = YES;
				GENERATE_INFOPLIST_FILE = YES;
				INFOPLIST_KEY_UIApplicationSceneManifest_Generation = YES;
				INFOPLIST_KEY_UIApplicationSupportsIndirectInputEvents = YES;
				INFOPLIST_KEY_UILaunchScreen_Generation = YES;
				INFOPLIST_KEY_UISupportedInterfaceOrientations_iPad = "UIInterfaceOrientationPortrait UIInterfaceOrientationPortraitUpsideDown UIInterfaceOrientationLandscapeLeft UIInterfaceOrientationLandscapeRight";
				INFOPLIST_KEY_UISupportedInterfaceOrientations_iPhone = "UIInterfaceOrientationPortrait UIInterfaceOrientationLandscapeLeft UIInterfaceOrientationLandscapeRight";
				LD_RUNPATH_SEARCH_PATHS = (
					"$(inherited)",
					"@executable_path/Frameworks",
				);
				MARKETING_VERSION = 1.0;
				PRODUCT_BUNDLE_IDENTIFIER = com.demoapp.app.DemoStockApp;
				PRODUCT_NAME = "$(TARGET_NAME)";
				SWIFT_EMIT_LOC_STRINGS = YES;
				SWIFT_VERSION = 5.0;
				TARGETED_DEVICE_FAMILY = "1,2";
			};
			name = Release;
		};
/* End XCBuildConfiguration section */

/* Begin XCConfigurationList section */
		455182232D8D14B300B78C28 /* Build configuration list for PBXProject "DemoStockApp" */ = {
			isa = XCConfigurationList;
			buildConfigurations = (
				455182342D8D14B500B78C28 /* Debug */,
				455182352D8D14B500B78C28 /* Release */,
			);
			defaultConfigurationIsVisible = 0;
			defaultConfigurationName = Release;
		};
		455182362D8D14B500B78C28 /* Build configuration list for PBXNativeTarget "DemoStockApp" */ = {
			isa = XCConfigurationList;
			buildConfigurations = (
				455182372D8D14B500B78C28 /* Debug */,
				455182382D8D14B500B78C28 /* Release */,
			);
			defaultConfigurationIsVisible = 0;
			defaultConfigurationName = Release;
		};
/* End XCConfigurationList section */
	};
	rootObject = 455182202D8D14B300B78C28 /* Project object */;
}
